
Microsoft Visual Studio Solution File, Format Version 12.00
# Visual Studio Version 17
VisualStudioVersion = 17.9.34728.123
MinimumVisualStudioVersion = 10.0.40219.1
Project("{FAE04EC0-301F-11D3-BF4B-00C04F79EFBC}") = "PuruebaGitHubParcial", "PuruebaGitHubParcial\PuruebaGitHubParcial.csproj", "{154EA6F8-8906-4DB6-B81D-D96F49E275C9}"
EndProject
Global
	GlobalSection(SolutionConfigurationPlatforms) = preSolution
		Debug|Any CPU = Debug|Any CPU
		Release|Any CPU = Release|Any CPU
	EndGlobalSection
	GlobalSection(ProjectConfigurationPlatforms) = postSolution
		{154EA6F8-8906-4DB6-B81D-D96F49E275C9}.Debug|Any CPU.ActiveCfg = Debug|Any CPU
		{154EA6F8-8906-4DB6-B81D-D96F49E275C9}.Debug|Any CPU.Build.0 = Debug|Any CPU
		{154EA6F8-8906-4DB6-B81D-D96F49E275C9}.Release|Any CPU.ActiveCfg = Release|Any CPU
		{154EA6F8-8906-4DB6-B81D-D96F49E275C9}.Release|Any CPU.Build.0 = Release|Any CPU
	EndGlobalSection
	GlobalSection(SolutionProperties) = preSolution
		HideSolutionNode = FALSE
	EndGlobalSection
	GlobalSection(ExtensibilityGlobals) = postSolution
		SolutionGuid = {87D9734A-DEC4-43DA-8479-8048BDA6A496}
	EndGlobalSection
EndGlobal
